
Microsoft Visual Studio Solution File, Format Version 12.00
# Visual Studio Version 17
VisualStudioVersion = 17.6.33723.286
MinimumVisualStudioVersion = 10.0.40219.1
Project("{9A19103F-16F7-4668-BE54-9A1E7A4F7556}") = "GameEngine", "GameEngine\GameEngine.csproj", "{B8AF0AD5-1F1F-4072-AA75-794023C253FA}"
EndProject
Project("{9A19103F-16F7-4668-BE54-9A1E7A4F7556}") = "ExampleDrawImage", "ExampleDrawImage\ExampleDrawImage.csproj", "{193D0C26-C4BF-4071-A6F7-956C6CDFCD76}"
EndProject
Project("{9A19103F-16F7-4668-BE54-9A1E7A4F7556}") = "ExampleImageComponent", "ExampleImageComponent\ExampleImageComponent.csproj", "{239C217F-98F8-409E-B252-98A790C8C987}"
EndProject
Project("{9A19103F-16F7-4668-BE54-9A1E7A4F7556}") = "ExampleInputManager", "ExampleInputManager\ExampleInputManager.csproj", "{49BCA01C-1BB6-4D20-B99E-1361490387E8}"
EndProject
Project("{9A19103F-16F7-4668-BE54-9A1E7A4F7556}") = "ExampleGUI", "ExampleGUI\ExampleGUI.csproj", "{A4BBBBD3-F533-4462-83AE-B4925A10BDAD}"
EndProject
Project("{9A19103F-16F7-4668-BE54-9A1E7A4F7556}") = "Example3D", "Example3D\Example3D.csproj", "{9FF25FE6-3D69-4953-8759-D6D607190614}"
EndProject
Project("{9A19103F-16F7-4668-BE54-9A1E7A4F7556}") = "ExampleSound", "ExampleSound\ExampleSound.csproj", "{7488881C-E8BB-434C-B3BE-19BD77E2B49D}"
EndProject
Project("{2150E333-8FDC-42A3-9474-1A3956D46DE8}") = "Solution Items", "Solution Items", "{5267BD98-B17D-4881-AC10-AD2F22AAEF3E}"
	ProjectSection(SolutionItems) = preProject
		.editorconfig = .editorconfig
	EndProjectSection
EndProject
Project("{9A19103F-16F7-4668-BE54-9A1E7A4F7556}") = "ExampleCollisionDetection", "ExampleCollisionDetection\ExampleCollisionDetection.csproj", "{E2149B46-7E1F-49CD-892A-44E9D5515D21}"
EndProject
Project("{9A19103F-16F7-4668-BE54-9A1E7A4F7556}") = "Example3DCollisionDetection", "Example3DCollisionDetection\Example3DCollisionDetection.csproj", "{AC88D049-1614-4346-9FD1-D2839A9AB12F}"
EndProject
Project("{9A19103F-16F7-4668-BE54-9A1E7A4F7556}") = "ExampleSteeringBehavior", "ExampleSteeringBehavior\ExampleSteeringBehavior.csproj", "{7CC10B76-DFA0-4EA4-BD41-4F853B1B7521}"
EndProject
Project("{9A19103F-16F7-4668-BE54-9A1E7A4F7556}") = "ExamplePrimitiveDrawing", "ExamplePrimitiveDrawing\ExamplePrimitiveDrawing.csproj", "{28039A8E-1D5F-4FF7-BE7E-A9B9903EBC62}"
EndProject
Project("{9A19103F-16F7-4668-BE54-9A1E7A4F7556}") = "ExampleShaders", "ExampleShaders\ExampleShaders.csproj", "{28CBB990-301F-43CD-911F-7B195F2CAD23}"
EndProject
Project("{9A19103F-16F7-4668-BE54-9A1E7A4F7556}") = "ExampleBepuPhysics", "ExampleBepuPhysics\ExampleBepuPhysics.csproj", "{CD9BF089-5BDD-477A-B425-C90F906C5545}"
EndProject
Project("{9A19103F-16F7-4668-BE54-9A1E7A4F7556}") = "ExampleCaveGeneration", "ExampleCaveGeneration\ExampleCaveGeneration.csproj", "{D6FAF2C4-96AB-445C-853C-559FDF9CA0AD}"
EndProject
Project("{9A19103F-16F7-4668-BE54-9A1E7A4F7556}") = "ExampleAStar", "ExampleAStar\ExampleAStar.csproj", "{FEC48E0D-BAB2-4F66-B4F0-28A08722E403}"
EndProject
Project("{FAE04EC0-301F-11D3-BF4B-00C04F79EFBC}") = "GameEnginePipeline", "GameEnginePipeline\GameEnginePipeline.csproj", "{D34A2384-9539-4445-AF04-686942734A12}"
EndProject
Project("{FAE04EC0-301F-11D3-BF4B-00C04F79EFBC}") = "ExampleAnimation", "ExampleAnimation\ExampleAnimation.csproj", "{3CD19EED-33F7-4A04-BB2C-C5121B9EDFC8}"
EndProject
Project("{FAE04EC0-301F-11D3-BF4B-00C04F79EFBC}") = "ExampleQueryCollider", "ExampleQueryCollider\ExampleQueryCollider.csproj", "{76F270F2-9867-42D0-88D9-6EBCCB9549AB}"
EndProject
Project("{FAE04EC0-301F-11D3-BF4B-00C04F79EFBC}") = "ExampleTouchControls", "ExampleTouchControls\ExampleTouchControls.csproj", "{32049A1D-8759-C2FC-A02C-2B6E7D231E91}"
EndProject
Project("{FAE04EC0-301F-11D3-BF4B-00C04F79EFBC}") = "GettingStarted", "GettingStarted\GettingStarted.csproj", "{240EFC04-3DF2-DF66-FC1E-AE6C03D25FF9}"
EndProject
Project("{FAE04EC0-301F-11D3-BF4B-00C04F79EFBC}") = "MiniGolf", "MiniGolf\MiniGolf.csproj", "{61F10141-E2B0-BBC6-CBF7-A98C2C2D5348}"
EndProject
Global
	GlobalSection(SolutionConfigurationPlatforms) = preSolution
		Debug|Any CPU = Debug|Any CPU
		Release|Any CPU = Release|Any CPU
	EndGlobalSection
	GlobalSection(ProjectConfigurationPlatforms) = postSolution
		{B8AF0AD5-1F1F-4072-AA75-794023C253FA}.Debug|Any CPU.ActiveCfg = Debug|Any CPU
		{B8AF0AD5-1F1F-4072-AA75-794023C253FA}.Debug|Any CPU.Build.0 = Debug|Any CPU
		{B8AF0AD5-1F1F-4072-AA75-794023C253FA}.Release|Any CPU.ActiveCfg = Release|Any CPU
		{B8AF0AD5-1F1F-4072-AA75-794023C253FA}.Release|Any CPU.Build.0 = Release|Any CPU
		{193D0C26-C4BF-4071-A6F7-956C6CDFCD76}.Debug|Any CPU.ActiveCfg = Debug|Any CPU
		{193D0C26-C4BF-4071-A6F7-956C6CDFCD76}.Debug|Any CPU.Build.0 = Debug|Any CPU
		{193D0C26-C4BF-4071-A6F7-956C6CDFCD76}.Release|Any CPU.ActiveCfg = Release|Any CPU
		{193D0C26-C4BF-4071-A6F7-956C6CDFCD76}.Release|Any CPU.Build.0 = Release|Any CPU
		{239C217F-98F8-409E-B252-98A790C8C987}.Debug|Any CPU.ActiveCfg = Debug|Any CPU
		{239C217F-98F8-409E-B252-98A790C8C987}.Debug|Any CPU.Build.0 = Debug|Any CPU
		{239C217F-98F8-409E-B252-98A790C8C987}.Release|Any CPU.ActiveCfg = Release|Any CPU
		{239C217F-98F8-409E-B252-98A790C8C987}.Release|Any CPU.Build.0 = Release|Any CPU
		{49BCA01C-1BB6-4D20-B99E-1361490387E8}.Debug|Any CPU.ActiveCfg = Debug|Any CPU
		{49BCA01C-1BB6-4D20-B99E-1361490387E8}.Debug|Any CPU.Build.0 = Debug|Any CPU
		{49BCA01C-1BB6-4D20-B99E-1361490387E8}.Release|Any CPU.ActiveCfg = Release|Any CPU
		{49BCA01C-1BB6-4D20-B99E-1361490387E8}.Release|Any CPU.Build.0 = Release|Any CPU
		{A4BBBBD3-F533-4462-83AE-B4925A10BDAD}.Debug|Any CPU.ActiveCfg = Debug|Any CPU
		{A4BBBBD3-F533-4462-83AE-B4925A10BDAD}.Debug|Any CPU.Build.0 = Debug|Any CPU
		{A4BBBBD3-F533-4462-83AE-B4925A10BDAD}.Release|Any CPU.ActiveCfg = Release|Any CPU
		{A4BBBBD3-F533-4462-83AE-B4925A10BDAD}.Release|Any CPU.Build.0 = Release|Any CPU
		{9FF25FE6-3D69-4953-8759-D6D607190614}.Debug|Any CPU.ActiveCfg = Debug|Any CPU
		{9FF25FE6-3D69-4953-8759-D6D607190614}.Debug|Any CPU.Build.0 = Debug|Any CPU
		{9FF25FE6-3D69-4953-8759-D6D607190614}.Release|Any CPU.ActiveCfg = Release|Any CPU
		{9FF25FE6-3D69-4953-8759-D6D607190614}.Release|Any CPU.Build.0 = Release|Any CPU
		{7488881C-E8BB-434C-B3BE-19BD77E2B49D}.Debug|Any CPU.ActiveCfg = Debug|Any CPU
		{7488881C-E8BB-434C-B3BE-19BD77E2B49D}.Debug|Any CPU.Build.0 = Debug|Any CPU
		{7488881C-E8BB-434C-B3BE-19BD77E2B49D}.Release|Any CPU.ActiveCfg = Release|Any CPU
		{7488881C-E8BB-434C-B3BE-19BD77E2B49D}.Release|Any CPU.Build.0 = Release|Any CPU
		{E2149B46-7E1F-49CD-892A-44E9D5515D21}.Debug|Any CPU.ActiveCfg = Debug|Any CPU
		{E2149B46-7E1F-49CD-892A-44E9D5515D21}.Debug|Any CPU.Build.0 = Debug|Any CPU
		{E2149B46-7E1F-49CD-892A-44E9D5515D21}.Release|Any CPU.ActiveCfg = Release|Any CPU
		{E2149B46-7E1F-49CD-892A-44E9D5515D21}.Release|Any CPU.Build.0 = Release|Any CPU
		{AC88D049-1614-4346-9FD1-D2839A9AB12F}.Debug|Any CPU.ActiveCfg = Debug|Any CPU
		{AC88D049-1614-4346-9FD1-D2839A9AB12F}.Debug|Any CPU.Build.0 = Debug|Any CPU
		{AC88D049-1614-4346-9FD1-D2839A9AB12F}.Release|Any CPU.ActiveCfg = Release|Any CPU
		{AC88D049-1614-4346-9FD1-D2839A9AB12F}.Release|Any CPU.Build.0 = Release|Any CPU
		{7CC10B76-DFA0-4EA4-BD41-4F853B1B7521}.Debug|Any CPU.ActiveCfg = Debug|Any CPU
		{7CC10B76-DFA0-4EA4-BD41-4F853B1B7521}.Debug|Any CPU.Build.0 = Debug|Any CPU
		{7CC10B76-DFA0-4EA4-BD41-4F853B1B7521}.Release|Any CPU.ActiveCfg = Release|Any CPU
		{7CC10B76-DFA0-4EA4-BD41-4F853B1B7521}.Release|Any CPU.Build.0 = Release|Any CPU
		{28039A8E-1D5F-4FF7-BE7E-A9B9903EBC62}.Debug|Any CPU.ActiveCfg = Debug|Any CPU
		{28039A8E-1D5F-4FF7-BE7E-A9B9903EBC62}.Debug|Any CPU.Build.0 = Debug|Any CPU
		{28039A8E-1D5F-4FF7-BE7E-A9B9903EBC62}.Release|Any CPU.ActiveCfg = Release|Any CPU
		{28039A8E-1D5F-4FF7-BE7E-A9B9903EBC62}.Release|Any CPU.Build.0 = Release|Any CPU
		{28CBB990-301F-43CD-911F-7B195F2CAD23}.Debug|Any CPU.ActiveCfg = Debug|Any CPU
		{28CBB990-301F-43CD-911F-7B195F2CAD23}.Debug|Any CPU.Build.0 = Debug|Any CPU
		{28CBB990-301F-43CD-911F-7B195F2CAD23}.Release|Any CPU.ActiveCfg = Release|Any CPU
		{28CBB990-301F-43CD-911F-7B195F2CAD23}.Release|Any CPU.Build.0 = Release|Any CPU
		{CD9BF089-5BDD-477A-B425-C90F906C5545}.Debug|Any CPU.ActiveCfg = Debug|Any CPU
		{CD9BF089-5BDD-477A-B425-C90F906C5545}.Debug|Any CPU.Build.0 = Debug|Any CPU
		{CD9BF089-5BDD-477A-B425-C90F906C5545}.Release|Any CPU.ActiveCfg = Release|Any CPU
		{CD9BF089-5BDD-477A-B425-C90F906C5545}.Release|Any CPU.Build.0 = Release|Any CPU
		{D6FAF2C4-96AB-445C-853C-559FDF9CA0AD}.Debug|Any CPU.ActiveCfg = Debug|Any CPU
		{D6FAF2C4-96AB-445C-853C-559FDF9CA0AD}.Debug|Any CPU.Build.0 = Debug|Any CPU
		{D6FAF2C4-96AB-445C-853C-559FDF9CA0AD}.Release|Any CPU.ActiveCfg = Release|Any CPU
		{D6FAF2C4-96AB-445C-853C-559FDF9CA0AD}.Release|Any CPU.Build.0 = Release|Any CPU
		{FEC48E0D-BAB2-4F66-B4F0-28A08722E403}.Debug|Any CPU.ActiveCfg = Debug|Any CPU
		{FEC48E0D-BAB2-4F66-B4F0-28A08722E403}.Debug|Any CPU.Build.0 = Debug|Any CPU
		{FEC48E0D-BAB2-4F66-B4F0-28A08722E403}.Release|Any CPU.ActiveCfg = Release|Any CPU
		{FEC48E0D-BAB2-4F66-B4F0-28A08722E403}.Release|Any CPU.Build.0 = Release|Any CPU
		{D34A2384-9539-4445-AF04-686942734A12}.Debug|Any CPU.ActiveCfg = Debug|Any CPU
		{D34A2384-9539-4445-AF04-686942734A12}.Debug|Any CPU.Build.0 = Debug|Any CPU
		{D34A2384-9539-4445-AF04-686942734A12}.Release|Any CPU.ActiveCfg = Release|Any CPU
		{D34A2384-9539-4445-AF04-686942734A12}.Release|Any CPU.Build.0 = Release|Any CPU
		{3CD19EED-33F7-4A04-BB2C-C5121B9EDFC8}.Debug|Any CPU.ActiveCfg = Debug|Any CPU
		{3CD19EED-33F7-4A04-BB2C-C5121B9EDFC8}.Debug|Any CPU.Build.0 = Debug|Any CPU
		{3CD19EED-33F7-4A04-BB2C-C5121B9EDFC8}.Release|Any CPU.ActiveCfg = Release|Any CPU
		{3CD19EED-33F7-4A04-BB2C-C5121B9EDFC8}.Release|Any CPU.Build.0 = Release|Any CPU
		{76F270F2-9867-42D0-88D9-6EBCCB9549AB}.Debug|Any CPU.ActiveCfg = Debug|Any CPU
		{76F270F2-9867-42D0-88D9-6EBCCB9549AB}.Debug|Any CPU.Build.0 = Debug|Any CPU
		{76F270F2-9867-42D0-88D9-6EBCCB9549AB}.Release|Any CPU.ActiveCfg = Release|Any CPU
		{76F270F2-9867-42D0-88D9-6EBCCB9549AB}.Release|Any CPU.Build.0 = Release|Any CPU
		{32049A1D-8759-C2FC-A02C-2B6E7D231E91}.Debug|Any CPU.ActiveCfg = Debug|Any CPU
		{32049A1D-8759-C2FC-A02C-2B6E7D231E91}.Debug|Any CPU.Build.0 = Debug|Any CPU
		{32049A1D-8759-C2FC-A02C-2B6E7D231E91}.Release|Any CPU.ActiveCfg = Release|Any CPU
		{32049A1D-8759-C2FC-A02C-2B6E7D231E91}.Release|Any CPU.Build.0 = Release|Any CPU
		{240EFC04-3DF2-DF66-FC1E-AE6C03D25FF9}.Debug|Any CPU.ActiveCfg = Debug|Any CPU
		{240EFC04-3DF2-DF66-FC1E-AE6C03D25FF9}.Debug|Any CPU.Build.0 = Debug|Any CPU
		{240EFC04-3DF2-DF66-FC1E-AE6C03D25FF9}.Release|Any CPU.ActiveCfg = Release|Any CPU
		{240EFC04-3DF2-DF66-FC1E-AE6C03D25FF9}.Release|Any CPU.Build.0 = Release|Any CPU
		{61F10141-E2B0-BBC6-CBF7-A98C2C2D5348}.Debug|Any CPU.ActiveCfg = Debug|Any CPU
		{61F10141-E2B0-BBC6-CBF7-A98C2C2D5348}.Debug|Any CPU.Build.0 = Debug|Any CPU
		{61F10141-E2B0-BBC6-CBF7-A98C2C2D5348}.Release|Any CPU.ActiveCfg = Release|Any CPU
		{61F10141-E2B0-BBC6-CBF7-A98C2C2D5348}.Release|Any CPU.Build.0 = Release|Any CPU
	EndGlobalSection
	GlobalSection(SolutionProperties) = preSolution
		HideSolutionNode = FALSE
	EndGlobalSection
	GlobalSection(ExtensibilityGlobals) = postSolution
		SolutionGuid = {89FB5486-382A-4D72-ADA1-84F04346C004}
	EndGlobalSection
EndGlobal
